
Microsoft Visual Studio Solution File, Format Version 12.00
# Visual Studio 15
VisualStudioVersion = 15.0.27428.2015
MinimumVisualStudioVersion = 10.0.40219.1
Project("{FAE04EC0-301F-11D3-BF4B-00C04F79EFBC}") = "Zorgverzekering", "Zorgverzekering\Zorgverzekering.csproj", "{F736AC35-58A8-4EE4-BEA7-4C17B8A4CC29}"
EndProject
Global
	GlobalSection(SolutionConfigurationPlatforms) = preSolution
		Debug|Any CPU = Debug|Any CPU
		Release|Any CPU = Release|Any CPU
	EndGlobalSection
	GlobalSection(ProjectConfigurationPlatforms) = postSolution
		{F736AC35-58A8-4EE4-BEA7-4C17B8A4CC29}.Debug|Any CPU.ActiveCfg = Debug|Any CPU
		{F736AC35-58A8-4EE4-BEA7-4C17B8A4CC29}.Debug|Any CPU.Build.0 = Debug|Any CPU
		{F736AC35-58A8-4EE4-BEA7-4C17B8A4CC29}.Release|Any CPU.ActiveCfg = Release|Any CPU
		{F736AC35-58A8-4EE4-BEA7-4C17B8A4CC29}.Release|Any CPU.Build.0 = Release|Any CPU
	EndGlobalSection
	GlobalSection(SolutionProperties) = preSolution
		HideSolutionNode = FALSE
	EndGlobalSection
	GlobalSection(ExtensibilityGlobals) = postSolution
		SolutionGuid = {7764DAF7-25CE-447B-8FDC-F5BB453BF288}
	EndGlobalSection
EndGlobal
